
Microsoft Visual Studio Solution File, Format Version 12.00
# Visual Studio 14
VisualStudioVersion = 14.0.24720.0
MinimumVisualStudioVersion = 10.0.40219.1
Project("{F088123C-0E9E-452A-89E6-6BA2F21D5CAC}") = "Design", "Design\Design.modelproj", "{37650DBA-3A1C-4578-ACE5-B386100FBDC7}"
EndProject
Project("{FAE04EC0-301F-11D3-BF4B-00C04F79EFBC}") = "Testing", "Testing\Testing.csproj", "{12D93C56-0AB9-4B9D-8BA6-C9D6D8BF0276}"
EndProject
Project("{FAE04EC0-301F-11D3-BF4B-00C04F79EFBC}") = "Model", "Model\Model.csproj", "{4C59BF3D-E68A-4DB8-BD6C-10D8A7BE027A}"
EndProject
Project("{FAE04EC0-301F-11D3-BF4B-00C04F79EFBC}") = "Controller", "Controller\Controller.csproj", "{1C59D3B8-FA3B-40A6-9C5D-5A98665E71E9}"
EndProject
Project("{FAE04EC0-301F-11D3-BF4B-00C04F79EFBC}") = "View", "View\View.csproj", "{351CFE27-A837-4397-B228-C2BE7B4CBC6B}"
EndProject
Project("{2150E333-8FDC-42A3-9474-1A3956D46DE8}") = "Solution Items", "Solution Items", "{F24E34D0-70E1-44D9-8DF8-B47FD40BB85F}"
	ProjectSection(SolutionItems) = preProject
		README.md = README.md
	EndProjectSection
EndProject
Project("{2150E333-8FDC-42A3-9474-1A3956D46DE8}") = "Documentation", "Documentation", "{4A6D728E-A8EF-44AB-85EC-8791C2A1689E}"
	ProjectSection(SolutionItems) = preProject
		Documentation\Part 1 Presentation.pptx = Documentation\Part 1 Presentation.pptx
		Documentation\Software Managment Plan_Williams_v1.docx = Documentation\Software Managment Plan_Williams_v1.docx
		Documentation\Software Managment Plan_Williams_v1.pdf = Documentation\Software Managment Plan_Williams_v1.pdf
	EndProjectSection
EndProject
Global
	GlobalSection(SolutionConfigurationPlatforms) = preSolution
		Debug|Any CPU = Debug|Any CPU
		Release|Any CPU = Release|Any CPU
	EndGlobalSection
	GlobalSection(ProjectConfigurationPlatforms) = postSolution
		{37650DBA-3A1C-4578-ACE5-B386100FBDC7}.Debug|Any CPU.ActiveCfg = Debug|Any CPU
		{37650DBA-3A1C-4578-ACE5-B386100FBDC7}.Debug|Any CPU.Build.0 = Debug|Any CPU
		{37650DBA-3A1C-4578-ACE5-B386100FBDC7}.Release|Any CPU.ActiveCfg = Release|Any CPU
		{37650DBA-3A1C-4578-ACE5-B386100FBDC7}.Release|Any CPU.Build.0 = Release|Any CPU
		{12D93C56-0AB9-4B9D-8BA6-C9D6D8BF0276}.Debug|Any CPU.ActiveCfg = Debug|Any CPU
		{12D93C56-0AB9-4B9D-8BA6-C9D6D8BF0276}.Debug|Any CPU.Build.0 = Debug|Any CPU
		{12D93C56-0AB9-4B9D-8BA6-C9D6D8BF0276}.Release|Any CPU.ActiveCfg = Release|Any CPU
		{12D93C56-0AB9-4B9D-8BA6-C9D6D8BF0276}.Release|Any CPU.Build.0 = Release|Any CPU
		{4C59BF3D-E68A-4DB8-BD6C-10D8A7BE027A}.Debug|Any CPU.ActiveCfg = Debug|Any CPU
		{4C59BF3D-E68A-4DB8-BD6C-10D8A7BE027A}.Debug|Any CPU.Build.0 = Debug|Any CPU
		{4C59BF3D-E68A-4DB8-BD6C-10D8A7BE027A}.Release|Any CPU.ActiveCfg = Release|Any CPU
		{4C59BF3D-E68A-4DB8-BD6C-10D8A7BE027A}.Release|Any CPU.Build.0 = Release|Any CPU
		{1C59D3B8-FA3B-40A6-9C5D-5A98665E71E9}.Debug|Any CPU.ActiveCfg = Debug|Any CPU
		{1C59D3B8-FA3B-40A6-9C5D-5A98665E71E9}.Debug|Any CPU.Build.0 = Debug|Any CPU
		{1C59D3B8-FA3B-40A6-9C5D-5A98665E71E9}.Release|Any CPU.ActiveCfg = Release|Any CPU
		{1C59D3B8-FA3B-40A6-9C5D-5A98665E71E9}.Release|Any CPU.Build.0 = Release|Any CPU
		{351CFE27-A837-4397-B228-C2BE7B4CBC6B}.Debug|Any CPU.ActiveCfg = Debug|Any CPU
		{351CFE27-A837-4397-B228-C2BE7B4CBC6B}.Debug|Any CPU.Build.0 = Debug|Any CPU
		{351CFE27-A837-4397-B228-C2BE7B4CBC6B}.Release|Any CPU.ActiveCfg = Release|Any CPU
		{351CFE27-A837-4397-B228-C2BE7B4CBC6B}.Release|Any CPU.Build.0 = Release|Any CPU
	EndGlobalSection
	GlobalSection(SolutionProperties) = preSolution
		HideSolutionNode = FALSE
	EndGlobalSection
	GlobalSection(NestedProjects) = preSolution
		{4A6D728E-A8EF-44AB-85EC-8791C2A1689E} = {F24E34D0-70E1-44D9-8DF8-B47FD40BB85F}
	EndGlobalSection
EndGlobal
